
Microsoft Visual Studio Solution File, Format Version 12.00
Project("{FAE04EC0-301F-11D3-BF4B-00C04F79EFBC}") = "FirstAPI", "FirstAPI\FirstAPI.csproj", "{11B22246-DD80-4F7D-A209-34D2740180B9}"
EndProject
Global
	GlobalSection(SolutionConfigurationPlatforms) = preSolution
		Debug|Any CPU = Debug|Any CPU
		Release|Any CPU = Release|Any CPU
	EndGlobalSection
	GlobalSection(ProjectConfigurationPlatforms) = postSolution
		{11B22246-DD80-4F7D-A209-34D2740180B9}.Debug|Any CPU.ActiveCfg = Debug|Any CPU
		{11B22246-DD80-4F7D-A209-34D2740180B9}.Debug|Any CPU.Build.0 = Debug|Any CPU
		{11B22246-DD80-4F7D-A209-34D2740180B9}.Release|Any CPU.ActiveCfg = Release|Any CPU
		{11B22246-DD80-4F7D-A209-34D2740180B9}.Release|Any CPU.Build.0 = Release|Any CPU
	EndGlobalSection
EndGlobal
